
Microsoft Visual Studio Solution File, Format Version 12.00
# Visual Studio 2013
VisualStudioVersion = 12.0.40629.0
MinimumVisualStudioVersion = 10.0.40219.1
Project("{2150E333-8FDC-42A3-9474-1A3956D46DE8}") = "表示层", "表示层", "{D7A93D1D-8F62-4405-A432-E83B3C11ABC1}"
EndProject
Project("{2150E333-8FDC-42A3-9474-1A3956D46DE8}") = "扩展层", "扩展层", "{6CF16C44-F723-485A-814D-B10D4AD3C183}"
EndProject
Project("{2150E333-8FDC-42A3-9474-1A3956D46DE8}") = "公共层", "公共层", "{6BA79CA5-A3EE-4D30-AACF-87465C9B64D9}"
EndProject
Project("{2150E333-8FDC-42A3-9474-1A3956D46DE8}") = "核心层", "核心层", "{32AB1B39-0B64-4316-8093-735EEEA8F862}"
EndProject
Project("{2150E333-8FDC-42A3-9474-1A3956D46DE8}") = "数据访问层", "数据访问层", "{ECB41E37-B210-48C7-AA4F-02212CDE6E5F}"
EndProject
Project("{2150E333-8FDC-42A3-9474-1A3956D46DE8}") = "网络层", "网络层", "{BDD26AAD-7A60-46BA-91AC-805A3F1EBC29}"
EndProject
Project("{2150E333-8FDC-42A3-9474-1A3956D46DE8}") = "事件分发层", "事件分发层", "{46286F53-0A8F-4843-8BE6-9FD9C9D7EDB0}"
EndProject
Project("{8BC9CEB8-8B4A-11D0-8D11-00A0C91BC942}") = "QAF", "src\QAF\QAF.vcxproj", "{B12702AD-ABFB-343A-A199-8E24837244A3}"
EndProject
Project("{8BC9CEB8-8B4A-11D0-8D11-00A0C91BC942}") = "QAFCore", "src\QAFCore\QAFCore.vcxproj", "{F7F398B9-6C5C-4053-BFAC-01B4802FFD7A}"
EndProject
Project("{8BC9CEB8-8B4A-11D0-8D11-00A0C91BC942}") = "testPlugin", "src\testPlugin\testPlugin.vcxproj", "{FDC8E4B0-1597-40EA-A80D-69D0FDDBB9F9}"
EndProject
Project("{8BC9CEB8-8B4A-11D0-8D11-00A0C91BC942}") = "UIPlugin", "src\UIPlugin\UIPlugin.vcxproj", "{1D79057F-4A32-4644-821F-36AC31160A4F}"
EndProject
Project("{2150E333-8FDC-42A3-9474-1A3956D46DE8}") = "界面层", "界面层", "{8BE0C4C6-1D3A-4B95-8FB1-8D2B58649338}"
EndProject
Global
	GlobalSection(SolutionConfigurationPlatforms) = preSolution
		Debug|Win32 = Debug|Win32
		Release|Win32 = Release|Win32
	EndGlobalSection
	GlobalSection(ProjectConfigurationPlatforms) = postSolution
		{B12702AD-ABFB-343A-A199-8E24837244A3}.Debug|Win32.ActiveCfg = Debug|Win32
		{B12702AD-ABFB-343A-A199-8E24837244A3}.Debug|Win32.Build.0 = Debug|Win32
		{B12702AD-ABFB-343A-A199-8E24837244A3}.Release|Win32.ActiveCfg = Release|Win32
		{B12702AD-ABFB-343A-A199-8E24837244A3}.Release|Win32.Build.0 = Release|Win32
		{F7F398B9-6C5C-4053-BFAC-01B4802FFD7A}.Debug|Win32.ActiveCfg = Debug|Win32
		{F7F398B9-6C5C-4053-BFAC-01B4802FFD7A}.Debug|Win32.Build.0 = Debug|Win32
		{F7F398B9-6C5C-4053-BFAC-01B4802FFD7A}.Release|Win32.ActiveCfg = Release|Win32
		{F7F398B9-6C5C-4053-BFAC-01B4802FFD7A}.Release|Win32.Build.0 = Release|Win32
		{FDC8E4B0-1597-40EA-A80D-69D0FDDBB9F9}.Debug|Win32.ActiveCfg = Debug|Win32
		{FDC8E4B0-1597-40EA-A80D-69D0FDDBB9F9}.Debug|Win32.Build.0 = Debug|Win32
		{FDC8E4B0-1597-40EA-A80D-69D0FDDBB9F9}.Release|Win32.ActiveCfg = Release|Win32
		{FDC8E4B0-1597-40EA-A80D-69D0FDDBB9F9}.Release|Win32.Build.0 = Release|Win32
		{1D79057F-4A32-4644-821F-36AC31160A4F}.Debug|Win32.ActiveCfg = Debug|Win32
		{1D79057F-4A32-4644-821F-36AC31160A4F}.Debug|Win32.Build.0 = Debug|Win32
		{1D79057F-4A32-4644-821F-36AC31160A4F}.Release|Win32.ActiveCfg = Release|Win32
		{1D79057F-4A32-4644-821F-36AC31160A4F}.Release|Win32.Build.0 = Release|Win32
	EndGlobalSection
	GlobalSection(SolutionProperties) = preSolution
		HideSolutionNode = FALSE
	EndGlobalSection
	GlobalSection(NestedProjects) = preSolution
		{32AB1B39-0B64-4316-8093-735EEEA8F862} = {6BA79CA5-A3EE-4D30-AACF-87465C9B64D9}
		{ECB41E37-B210-48C7-AA4F-02212CDE6E5F} = {6BA79CA5-A3EE-4D30-AACF-87465C9B64D9}
		{BDD26AAD-7A60-46BA-91AC-805A3F1EBC29} = {6BA79CA5-A3EE-4D30-AACF-87465C9B64D9}
		{46286F53-0A8F-4843-8BE6-9FD9C9D7EDB0} = {6BA79CA5-A3EE-4D30-AACF-87465C9B64D9}
		{B12702AD-ABFB-343A-A199-8E24837244A3} = {D7A93D1D-8F62-4405-A432-E83B3C11ABC1}
		{F7F398B9-6C5C-4053-BFAC-01B4802FFD7A} = {32AB1B39-0B64-4316-8093-735EEEA8F862}
		{FDC8E4B0-1597-40EA-A80D-69D0FDDBB9F9} = {6CF16C44-F723-485A-814D-B10D4AD3C183}
		{1D79057F-4A32-4644-821F-36AC31160A4F} = {8BE0C4C6-1D3A-4B95-8FB1-8D2B58649338}
		{8BE0C4C6-1D3A-4B95-8FB1-8D2B58649338} = {6BA79CA5-A3EE-4D30-AACF-87465C9B64D9}
	EndGlobalSection
EndGlobal
