
Microsoft Visual Studio Solution File, Format Version 12.00
# Visual Studio 2013
VisualStudioVersion = 12.0.40629.0
MinimumVisualStudioVersion = 10.0.40219.1
Project("{2150E333-8FDC-42A3-9474-1A3956D46DE8}") = "4.表示层", "4.表示层", "{D7A93D1D-8F62-4405-A432-E83B3C11ABC1}"
EndProject
Project("{2150E333-8FDC-42A3-9474-1A3956D46DE8}") = "扩展层", "扩展层", "{6CF16C44-F723-485A-814D-B10D4AD3C183}"
EndProject
Project("{2150E333-8FDC-42A3-9474-1A3956D46DE8}") = "数据访问层", "数据访问层", "{ECB41E37-B210-48C7-AA4F-02212CDE6E5F}"
EndProject
Project("{2150E333-8FDC-42A3-9474-1A3956D46DE8}") = "网络层", "网络层", "{BDD26AAD-7A60-46BA-91AC-805A3F1EBC29}"
EndProject
Project("{2150E333-8FDC-42A3-9474-1A3956D46DE8}") = "事件分发", "事件分发", "{46286F53-0A8F-4843-8BE6-9FD9C9D7EDB0}"
EndProject
Project("{8BC9CEB8-8B4A-11D0-8D11-00A0C91BC942}") = "QAF", "src\QAF\QAF.vcxproj", "{B12702AD-ABFB-343A-A199-8E24837244A3}"
EndProject
Project("{8BC9CEB8-8B4A-11D0-8D11-00A0C91BC942}") = "QAFCore", "src\QAFCore\QAFCore.vcxproj", "{F7F398B9-6C5C-4053-BFAC-01B4802FFD7A}"
EndProject
Project("{8BC9CEB8-8B4A-11D0-8D11-00A0C91BC942}") = "testPlugin", "src\testPlugin\testPlugin.vcxproj", "{FDC8E4B0-1597-40EA-A80D-69D0FDDBB9F9}"
EndProject
Project("{8BC9CEB8-8B4A-11D0-8D11-00A0C91BC942}") = "UIPlugin", "src\UIPlugin\UIPlugin.vcxproj", "{1D79057F-4A32-4644-821F-36AC31160A4F}"
	ProjectSection(ProjectDependencies) = postProject
		{F7F398B9-6C5C-4053-BFAC-01B4802FFD7A} = {F7F398B9-6C5C-4053-BFAC-01B4802FFD7A}
	EndProjectSection
EndProject
Project("{2150E333-8FDC-42A3-9474-1A3956D46DE8}") = "1.公共服务层", "1.公共服务层", "{D690C5A3-0F76-4AFA-82DE-40E2499EAD35}"
EndProject
Project("{2150E333-8FDC-42A3-9474-1A3956D46DE8}") = "2.应用框架层", "2.应用框架层", "{8840C191-B103-4AE5-891F-AF6652993105}"
EndProject
Project("{2150E333-8FDC-42A3-9474-1A3956D46DE8}") = "3.业务层", "3.业务层", "{C81F730D-C38C-4690-9802-CCDA529D8807}"
EndProject
Project("{8BC9CEB8-8B4A-11D0-8D11-00A0C91BC942}") = "DBManager", "src\DBManager\DBManager.vcxproj", "{229E0081-643C-4EAC-A418-54EB0AD89002}"
EndProject
Global
	GlobalSection(SolutionConfigurationPlatforms) = preSolution
		Debug|Win32 = Debug|Win32
		Release|Win32 = Release|Win32
	EndGlobalSection
	GlobalSection(ProjectConfigurationPlatforms) = postSolution
		{B12702AD-ABFB-343A-A199-8E24837244A3}.Debug|Win32.ActiveCfg = Debug|Win32
		{B12702AD-ABFB-343A-A199-8E24837244A3}.Debug|Win32.Build.0 = Debug|Win32
		{B12702AD-ABFB-343A-A199-8E24837244A3}.Release|Win32.ActiveCfg = Release|Win32
		{B12702AD-ABFB-343A-A199-8E24837244A3}.Release|Win32.Build.0 = Release|Win32
		{F7F398B9-6C5C-4053-BFAC-01B4802FFD7A}.Debug|Win32.ActiveCfg = Debug|Win32
		{F7F398B9-6C5C-4053-BFAC-01B4802FFD7A}.Debug|Win32.Build.0 = Debug|Win32
		{F7F398B9-6C5C-4053-BFAC-01B4802FFD7A}.Release|Win32.ActiveCfg = Release|Win32
		{F7F398B9-6C5C-4053-BFAC-01B4802FFD7A}.Release|Win32.Build.0 = Release|Win32
		{FDC8E4B0-1597-40EA-A80D-69D0FDDBB9F9}.Debug|Win32.ActiveCfg = Debug|Win32
		{FDC8E4B0-1597-40EA-A80D-69D0FDDBB9F9}.Debug|Win32.Build.0 = Debug|Win32
		{FDC8E4B0-1597-40EA-A80D-69D0FDDBB9F9}.Release|Win32.ActiveCfg = Release|Win32
		{FDC8E4B0-1597-40EA-A80D-69D0FDDBB9F9}.Release|Win32.Build.0 = Release|Win32
		{1D79057F-4A32-4644-821F-36AC31160A4F}.Debug|Win32.ActiveCfg = Debug|Win32
		{1D79057F-4A32-4644-821F-36AC31160A4F}.Debug|Win32.Build.0 = Debug|Win32
		{1D79057F-4A32-4644-821F-36AC31160A4F}.Release|Win32.ActiveCfg = Release|Win32
		{1D79057F-4A32-4644-821F-36AC31160A4F}.Release|Win32.Build.0 = Release|Win32
		{229E0081-643C-4EAC-A418-54EB0AD89002}.Debug|Win32.ActiveCfg = Debug|Win32
		{229E0081-643C-4EAC-A418-54EB0AD89002}.Debug|Win32.Build.0 = Debug|Win32
		{229E0081-643C-4EAC-A418-54EB0AD89002}.Release|Win32.ActiveCfg = Release|Win32
		{229E0081-643C-4EAC-A418-54EB0AD89002}.Release|Win32.Build.0 = Release|Win32
	EndGlobalSection
	GlobalSection(SolutionProperties) = preSolution
		HideSolutionNode = FALSE
	EndGlobalSection
	GlobalSection(NestedProjects) = preSolution
		{ECB41E37-B210-48C7-AA4F-02212CDE6E5F} = {D690C5A3-0F76-4AFA-82DE-40E2499EAD35}
		{BDD26AAD-7A60-46BA-91AC-805A3F1EBC29} = {D690C5A3-0F76-4AFA-82DE-40E2499EAD35}
		{46286F53-0A8F-4843-8BE6-9FD9C9D7EDB0} = {D690C5A3-0F76-4AFA-82DE-40E2499EAD35}
		{B12702AD-ABFB-343A-A199-8E24837244A3} = {D7A93D1D-8F62-4405-A432-E83B3C11ABC1}
		{F7F398B9-6C5C-4053-BFAC-01B4802FFD7A} = {8840C191-B103-4AE5-891F-AF6652993105}
		{FDC8E4B0-1597-40EA-A80D-69D0FDDBB9F9} = {6CF16C44-F723-485A-814D-B10D4AD3C183}
		{1D79057F-4A32-4644-821F-36AC31160A4F} = {D7A93D1D-8F62-4405-A432-E83B3C11ABC1}
		{229E0081-643C-4EAC-A418-54EB0AD89002} = {ECB41E37-B210-48C7-AA4F-02212CDE6E5F}
	EndGlobalSection
	GlobalSection(ExtensibilityGlobals) = postSolution
		Qt5Version = Qt5.7.0
	EndGlobalSection
EndGlobal
