
Microsoft Visual Studio Solution File, Format Version 12.00
# Visual Studio 2013
VisualStudioVersion = 12.0.40629.0
MinimumVisualStudioVersion = 10.0.40219.1
Project("{2150E333-8FDC-42A3-9474-1A3956D46DE8}") = "2.表示层", "2.表示层", "{D7A93D1D-8F62-4405-A432-E83B3C11ABC1}"
EndProject
Project("{2150E333-8FDC-42A3-9474-1A3956D46DE8}") = "3.数据访问", "3.数据访问", "{ECB41E37-B210-48C7-AA4F-02212CDE6E5F}"
EndProject
Project("{2150E333-8FDC-42A3-9474-1A3956D46DE8}") = "4.网络通讯", "4.网络通讯", "{BDD26AAD-7A60-46BA-91AC-805A3F1EBC29}"
EndProject
Project("{2150E333-8FDC-42A3-9474-1A3956D46DE8}") = "2.事件分发", "2.事件分发", "{46286F53-0A8F-4843-8BE6-9FD9C9D7EDB0}"
EndProject
Project("{8BC9CEB8-8B4A-11D0-8D11-00A0C91BC942}") = "QAF", "src\QAF\QAF.vcxproj", "{B12702AD-ABFB-343A-A199-8E24837244A3}"
	ProjectSection(ProjectDependencies) = postProject
		{F7F398B9-6C5C-4053-BFAC-01B4802FFD7A} = {F7F398B9-6C5C-4053-BFAC-01B4802FFD7A}
	EndProjectSection
EndProject
Project("{8BC9CEB8-8B4A-11D0-8D11-00A0C91BC942}") = "QAFCore", "src\QAFCore\QAFCore.vcxproj", "{F7F398B9-6C5C-4053-BFAC-01B4802FFD7A}"
	ProjectSection(ProjectDependencies) = postProject
		{229E0081-643C-4EAC-A418-54EB0AD89002} = {229E0081-643C-4EAC-A418-54EB0AD89002}
	EndProjectSection
EndProject
Project("{8BC9CEB8-8B4A-11D0-8D11-00A0C91BC942}") = "UIPlugin", "src\UIPlugin\UIPlugin.vcxproj", "{1D79057F-4A32-4644-821F-36AC31160A4F}"
	ProjectSection(ProjectDependencies) = postProject
		{F7F398B9-6C5C-4053-BFAC-01B4802FFD7A} = {F7F398B9-6C5C-4053-BFAC-01B4802FFD7A}
	EndProjectSection
EndProject
Project("{2150E333-8FDC-42A3-9474-1A3956D46DE8}") = "1.公共服务", "1.公共服务", "{D690C5A3-0F76-4AFA-82DE-40E2499EAD35}"
EndProject
Project("{2150E333-8FDC-42A3-9474-1A3956D46DE8}") = "2.应用框架", "2.应用框架", "{8840C191-B103-4AE5-891F-AF6652993105}"
EndProject
Project("{2150E333-8FDC-42A3-9474-1A3956D46DE8}") = "3.业务层", "3.业务层", "{C81F730D-C38C-4690-9802-CCDA529D8807}"
EndProject
Project("{8BC9CEB8-8B4A-11D0-8D11-00A0C91BC942}") = "DBManager", "src\DBManager\DBManager.vcxproj", "{229E0081-643C-4EAC-A418-54EB0AD89002}"
EndProject
Project("{2150E333-8FDC-42A3-9474-1A3956D46DE8}") = "1.核心层", "1.核心层", "{9D0AE12F-50E1-47F6-A308-707A4CF2B67F}"
EndProject
Project("{2150E333-8FDC-42A3-9474-1A3956D46DE8}") = "3.扩展层", "3.扩展层", "{FBE1B332-A9BD-4EF7-8C02-2BE8D6F6F6B6}"
EndProject
Project("{2150E333-8FDC-42A3-9474-1A3956D46DE8}") = "6.其他", "6.其他", "{D80B4969-B915-4731-A3A8-454ADC40D960}"
EndProject
Project("{8BC9CEB8-8B4A-11D0-8D11-00A0C91BC942}") = "QtAwesome", "src\QtAwesome\QtAwesome.vcxproj", "{9E3445B9-C0D4-3334-BEFF-F12C83E1B480}"
EndProject
Project("{8BC9CEB8-8B4A-11D0-8D11-00A0C91BC942}") = "NetWork", "src\NetWork\NetWork.vcxproj", "{BDDBB417-3379-4146-8C23-CE1C62107DE1}"
EndProject
Project("{2150E333-8FDC-42A3-9474-1A3956D46DE8}") = "4.测试", "4.测试", "{E835555F-41FA-446F-AA65-AB07F3CDD3E7}"
EndProject
Project("{8BC9CEB8-8B4A-11D0-8D11-00A0C91BC942}") = "Utils", "src\Utils\Utils.vcxproj", "{7F33306A-4D03-4717-9037-7EB335E1FDE6}"
EndProject
Project("{2150E333-8FDC-42A3-9474-1A3956D46DE8}") = "5.示例", "5.示例", "{C78D1F1F-1DE6-4FAD-A164-55B275205C06}"
EndProject
Project("{8BC9CEB8-8B4A-11D0-8D11-00A0C91BC942}") = "testNetWork", "src\tests\testNetWork\testNetWork.vcxproj", "{CAFEB2D5-063F-4841-B09F-718D816D14BE}"
EndProject
Project("{8BC9CEB8-8B4A-11D0-8D11-00A0C91BC942}") = "testPlugin", "src\examples\testPlugin\testPlugin.vcxproj", "{FDC8E4B0-1597-40EA-A80D-69D0FDDBB9F9}"
EndProject
Project("{2150E333-8FDC-42A3-9474-1A3956D46DE8}") = "5.Qt扩展", "5.Qt扩展", "{4B9A676E-3F56-4854-BBBB-588A987DD6DD}"
EndProject
Project("{2150E333-8FDC-42A3-9474-1A3956D46DE8}") = "1.框架", "1.框架", "{570BAE03-78E2-4A42-9CC3-9A0087568EA2}"
EndProject
Project("{8BC9CEB8-8B4A-11D0-8D11-00A0C91BC942}") = "QtCommonModel", "src\QtCommonModel\QtCommonModel.vcxproj", "{B808B9AC-4B02-42DE-A03C-6E643101C0CA}"
EndProject
Project("{8BC9CEB8-8B4A-11D0-8D11-00A0C91BC942}") = "QtCustomWidgets", "src\QtCustomWidgets\QtCustomWidgets.vcxproj", "{570ADBFC-972D-4A83-87A8-9C2BF71500F8}"
EndProject
Global
	GlobalSection(SolutionConfigurationPlatforms) = preSolution
		Debug|Win32 = Debug|Win32
		Release|Win32 = Release|Win32
	EndGlobalSection
	GlobalSection(ProjectConfigurationPlatforms) = postSolution
		{B12702AD-ABFB-343A-A199-8E24837244A3}.Debug|Win32.ActiveCfg = Debug|Win32
		{B12702AD-ABFB-343A-A199-8E24837244A3}.Debug|Win32.Build.0 = Debug|Win32
		{B12702AD-ABFB-343A-A199-8E24837244A3}.Release|Win32.ActiveCfg = Release|Win32
		{B12702AD-ABFB-343A-A199-8E24837244A3}.Release|Win32.Build.0 = Release|Win32
		{F7F398B9-6C5C-4053-BFAC-01B4802FFD7A}.Debug|Win32.ActiveCfg = Debug|Win32
		{F7F398B9-6C5C-4053-BFAC-01B4802FFD7A}.Debug|Win32.Build.0 = Debug|Win32
		{F7F398B9-6C5C-4053-BFAC-01B4802FFD7A}.Release|Win32.ActiveCfg = Release|Win32
		{F7F398B9-6C5C-4053-BFAC-01B4802FFD7A}.Release|Win32.Build.0 = Release|Win32
		{1D79057F-4A32-4644-821F-36AC31160A4F}.Debug|Win32.ActiveCfg = Debug|Win32
		{1D79057F-4A32-4644-821F-36AC31160A4F}.Debug|Win32.Build.0 = Debug|Win32
		{1D79057F-4A32-4644-821F-36AC31160A4F}.Release|Win32.ActiveCfg = Release|Win32
		{1D79057F-4A32-4644-821F-36AC31160A4F}.Release|Win32.Build.0 = Release|Win32
		{229E0081-643C-4EAC-A418-54EB0AD89002}.Debug|Win32.ActiveCfg = Debug|Win32
		{229E0081-643C-4EAC-A418-54EB0AD89002}.Debug|Win32.Build.0 = Debug|Win32
		{229E0081-643C-4EAC-A418-54EB0AD89002}.Release|Win32.ActiveCfg = Release|Win32
		{229E0081-643C-4EAC-A418-54EB0AD89002}.Release|Win32.Build.0 = Release|Win32
		{9E3445B9-C0D4-3334-BEFF-F12C83E1B480}.Debug|Win32.ActiveCfg = Debug|Win32
		{9E3445B9-C0D4-3334-BEFF-F12C83E1B480}.Debug|Win32.Build.0 = Debug|Win32
		{9E3445B9-C0D4-3334-BEFF-F12C83E1B480}.Release|Win32.ActiveCfg = Release|Win32
		{9E3445B9-C0D4-3334-BEFF-F12C83E1B480}.Release|Win32.Build.0 = Release|Win32
		{BDDBB417-3379-4146-8C23-CE1C62107DE1}.Debug|Win32.ActiveCfg = Debug|Win32
		{BDDBB417-3379-4146-8C23-CE1C62107DE1}.Debug|Win32.Build.0 = Debug|Win32
		{BDDBB417-3379-4146-8C23-CE1C62107DE1}.Release|Win32.ActiveCfg = Release|Win32
		{BDDBB417-3379-4146-8C23-CE1C62107DE1}.Release|Win32.Build.0 = Release|Win32
		{7F33306A-4D03-4717-9037-7EB335E1FDE6}.Debug|Win32.ActiveCfg = Debug|Win32
		{7F33306A-4D03-4717-9037-7EB335E1FDE6}.Debug|Win32.Build.0 = Debug|Win32
		{7F33306A-4D03-4717-9037-7EB335E1FDE6}.Release|Win32.ActiveCfg = Release|Win32
		{7F33306A-4D03-4717-9037-7EB335E1FDE6}.Release|Win32.Build.0 = Release|Win32
		{CAFEB2D5-063F-4841-B09F-718D816D14BE}.Debug|Win32.ActiveCfg = Debug|Win32
		{CAFEB2D5-063F-4841-B09F-718D816D14BE}.Debug|Win32.Build.0 = Debug|Win32
		{CAFEB2D5-063F-4841-B09F-718D816D14BE}.Release|Win32.ActiveCfg = Release|Win32
		{CAFEB2D5-063F-4841-B09F-718D816D14BE}.Release|Win32.Build.0 = Release|Win32
		{FDC8E4B0-1597-40EA-A80D-69D0FDDBB9F9}.Debug|Win32.ActiveCfg = Debug|Win32
		{FDC8E4B0-1597-40EA-A80D-69D0FDDBB9F9}.Debug|Win32.Build.0 = Debug|Win32
		{FDC8E4B0-1597-40EA-A80D-69D0FDDBB9F9}.Release|Win32.ActiveCfg = Release|Win32
		{FDC8E4B0-1597-40EA-A80D-69D0FDDBB9F9}.Release|Win32.Build.0 = Release|Win32
		{B808B9AC-4B02-42DE-A03C-6E643101C0CA}.Debug|Win32.ActiveCfg = Debug|Win32
		{B808B9AC-4B02-42DE-A03C-6E643101C0CA}.Debug|Win32.Build.0 = Debug|Win32
		{B808B9AC-4B02-42DE-A03C-6E643101C0CA}.Release|Win32.ActiveCfg = Release|Win32
		{B808B9AC-4B02-42DE-A03C-6E643101C0CA}.Release|Win32.Build.0 = Release|Win32
		{570ADBFC-972D-4A83-87A8-9C2BF71500F8}.Debug|Win32.ActiveCfg = Debug|Win32
		{570ADBFC-972D-4A83-87A8-9C2BF71500F8}.Debug|Win32.Build.0 = Debug|Win32
		{570ADBFC-972D-4A83-87A8-9C2BF71500F8}.Release|Win32.ActiveCfg = Release|Win32
		{570ADBFC-972D-4A83-87A8-9C2BF71500F8}.Release|Win32.Build.0 = Release|Win32
	EndGlobalSection
	GlobalSection(SolutionProperties) = preSolution
		HideSolutionNode = FALSE
	EndGlobalSection
	GlobalSection(NestedProjects) = preSolution
		{D7A93D1D-8F62-4405-A432-E83B3C11ABC1} = {8840C191-B103-4AE5-891F-AF6652993105}
		{ECB41E37-B210-48C7-AA4F-02212CDE6E5F} = {D690C5A3-0F76-4AFA-82DE-40E2499EAD35}
		{BDD26AAD-7A60-46BA-91AC-805A3F1EBC29} = {D690C5A3-0F76-4AFA-82DE-40E2499EAD35}
		{46286F53-0A8F-4843-8BE6-9FD9C9D7EDB0} = {D690C5A3-0F76-4AFA-82DE-40E2499EAD35}
		{B12702AD-ABFB-343A-A199-8E24837244A3} = {D7A93D1D-8F62-4405-A432-E83B3C11ABC1}
		{F7F398B9-6C5C-4053-BFAC-01B4802FFD7A} = {9D0AE12F-50E1-47F6-A308-707A4CF2B67F}
		{1D79057F-4A32-4644-821F-36AC31160A4F} = {D7A93D1D-8F62-4405-A432-E83B3C11ABC1}
		{229E0081-643C-4EAC-A418-54EB0AD89002} = {ECB41E37-B210-48C7-AA4F-02212CDE6E5F}
		{9D0AE12F-50E1-47F6-A308-707A4CF2B67F} = {8840C191-B103-4AE5-891F-AF6652993105}
		{FBE1B332-A9BD-4EF7-8C02-2BE8D6F6F6B6} = {8840C191-B103-4AE5-891F-AF6652993105}
		{D80B4969-B915-4731-A3A8-454ADC40D960} = {D690C5A3-0F76-4AFA-82DE-40E2499EAD35}
		{9E3445B9-C0D4-3334-BEFF-F12C83E1B480} = {4B9A676E-3F56-4854-BBBB-588A987DD6DD}
		{BDDBB417-3379-4146-8C23-CE1C62107DE1} = {BDD26AAD-7A60-46BA-91AC-805A3F1EBC29}
		{7F33306A-4D03-4717-9037-7EB335E1FDE6} = {570BAE03-78E2-4A42-9CC3-9A0087568EA2}
		{CAFEB2D5-063F-4841-B09F-718D816D14BE} = {E835555F-41FA-446F-AA65-AB07F3CDD3E7}
		{FDC8E4B0-1597-40EA-A80D-69D0FDDBB9F9} = {C78D1F1F-1DE6-4FAD-A164-55B275205C06}
		{4B9A676E-3F56-4854-BBBB-588A987DD6DD} = {D690C5A3-0F76-4AFA-82DE-40E2499EAD35}
		{570BAE03-78E2-4A42-9CC3-9A0087568EA2} = {D690C5A3-0F76-4AFA-82DE-40E2499EAD35}
		{B808B9AC-4B02-42DE-A03C-6E643101C0CA} = {4B9A676E-3F56-4854-BBBB-588A987DD6DD}
		{570ADBFC-972D-4A83-87A8-9C2BF71500F8} = {4B9A676E-3F56-4854-BBBB-588A987DD6DD}
	EndGlobalSection
	GlobalSection(ExtensibilityGlobals) = postSolution
		Qt5Version = Qt5.7.0
	EndGlobalSection
EndGlobal
